
Microsoft Visual Studio Solution File, Format Version 12.00
# Visual Studio Version 16
VisualStudioVersion = 16.0.29609.76
MinimumVisualStudioVersion = 10.0.40219.1
Project("{FAE04EC0-301F-11D3-BF4B-00C04F79EFBC}") = "chicken", "chicken\chicken.csproj", "{5F82B2C7-B286-48C7-A520-ED5A81F4441D}"
EndProject
Project("{FAE04EC0-301F-11D3-BF4B-00C04F79EFBC}") = "IEnumerable", "IEnumerable\IEnumerable.csproj", "{856A1D9F-82DB-4D51-82AF-B5B61CC5AE98}"
EndProject
Global
	GlobalSection(SolutionConfigurationPlatforms) = preSolution
		Debug|Any CPU = Debug|Any CPU
		Release|Any CPU = Release|Any CPU
	EndGlobalSection
	GlobalSection(ProjectConfigurationPlatforms) = postSolution
		{5F82B2C7-B286-48C7-A520-ED5A81F4441D}.Debug|Any CPU.ActiveCfg = Debug|Any CPU
		{5F82B2C7-B286-48C7-A520-ED5A81F4441D}.Debug|Any CPU.Build.0 = Debug|Any CPU
		{5F82B2C7-B286-48C7-A520-ED5A81F4441D}.Release|Any CPU.ActiveCfg = Release|Any CPU
		{5F82B2C7-B286-48C7-A520-ED5A81F4441D}.Release|Any CPU.Build.0 = Release|Any CPU
		{856A1D9F-82DB-4D51-82AF-B5B61CC5AE98}.Debug|Any CPU.ActiveCfg = Debug|Any CPU
		{856A1D9F-82DB-4D51-82AF-B5B61CC5AE98}.Debug|Any CPU.Build.0 = Debug|Any CPU
		{856A1D9F-82DB-4D51-82AF-B5B61CC5AE98}.Release|Any CPU.ActiveCfg = Release|Any CPU
		{856A1D9F-82DB-4D51-82AF-B5B61CC5AE98}.Release|Any CPU.Build.0 = Release|Any CPU
	EndGlobalSection
	GlobalSection(SolutionProperties) = preSolution
		HideSolutionNode = FALSE
	EndGlobalSection
	GlobalSection(ExtensibilityGlobals) = postSolution
		SolutionGuid = {50E2E29E-CABB-4098-B2D5-F371480FFEA4}
	EndGlobalSection
EndGlobal
