
Microsoft Visual Studio Solution File, Format Version 12.00
# Visual Studio Version 16
VisualStudioVersion = 16.0.29609.76
MinimumVisualStudioVersion = 10.0.40219.1
Project("{FAE04EC0-301F-11D3-BF4B-00C04F79EFBC}") = "IEnumerable", "IEnumerable\IEnumerable.csproj", "{AAF0E527-CA13-4605-8026-CCEB31F4B3A7}"
EndProject
Global
	GlobalSection(SolutionConfigurationPlatforms) = preSolution
		Debug|Any CPU = Debug|Any CPU
		Release|Any CPU = Release|Any CPU
	EndGlobalSection
	GlobalSection(ProjectConfigurationPlatforms) = postSolution
		{AAF0E527-CA13-4605-8026-CCEB31F4B3A7}.Debug|Any CPU.ActiveCfg = Debug|Any CPU
		{AAF0E527-CA13-4605-8026-CCEB31F4B3A7}.Debug|Any CPU.Build.0 = Debug|Any CPU
		{AAF0E527-CA13-4605-8026-CCEB31F4B3A7}.Release|Any CPU.ActiveCfg = Release|Any CPU
		{AAF0E527-CA13-4605-8026-CCEB31F4B3A7}.Release|Any CPU.Build.0 = Release|Any CPU
	EndGlobalSection
	GlobalSection(SolutionProperties) = preSolution
		HideSolutionNode = FALSE
	EndGlobalSection
	GlobalSection(ExtensibilityGlobals) = postSolution
		SolutionGuid = {31E24A39-F1CB-406C-912E-A62005C994A3}
	EndGlobalSection
EndGlobal
